
Microsoft Visual Studio Solution File, Format Version 12.00
# Visual Studio Version 17
VisualStudioVersion = 17.4.33205.214
MinimumVisualStudioVersion = 10.0.40219.1
Project("{FAE04EC0-301F-11D3-BF4B-00C04F79EFBC}") = "ExplicitImplemIterface", "ExplicitImplemIterface\ExplicitImplemIterface.csproj", "{71D36ACA-15CC-4BF2-AD34-B37D44354CEF}"
EndProject
Global
	GlobalSection(SolutionConfigurationPlatforms) = preSolution
		Debug|Any CPU = Debug|Any CPU
		Release|Any CPU = Release|Any CPU
	EndGlobalSection
	GlobalSection(ProjectConfigurationPlatforms) = postSolution
		{71D36ACA-15CC-4BF2-AD34-B37D44354CEF}.Debug|Any CPU.ActiveCfg = Debug|Any CPU
		{71D36ACA-15CC-4BF2-AD34-B37D44354CEF}.Debug|Any CPU.Build.0 = Debug|Any CPU
		{71D36ACA-15CC-4BF2-AD34-B37D44354CEF}.Release|Any CPU.ActiveCfg = Release|Any CPU
		{71D36ACA-15CC-4BF2-AD34-B37D44354CEF}.Release|Any CPU.Build.0 = Release|Any CPU
	EndGlobalSection
	GlobalSection(SolutionProperties) = preSolution
		HideSolutionNode = FALSE
	EndGlobalSection
	GlobalSection(ExtensibilityGlobals) = postSolution
		SolutionGuid = {ECC20270-2578-4BC5-9E74-08CB6B959D46}
	EndGlobalSection
EndGlobal
