
Microsoft Visual Studio Solution File, Format Version 12.00
# Visual Studio Version 17
VisualStudioVersion = 17.4.33205.214
MinimumVisualStudioVersion = 10.0.40219.1
Project("{FAE04EC0-301F-11D3-BF4B-00C04F79EFBC}") = "ValueReference", "ValueReference\ValueReference.csproj", "{21EC80D2-2778-4831-8772-7FEC383AE826}"
EndProject
Global
	GlobalSection(SolutionConfigurationPlatforms) = preSolution
		Debug|Any CPU = Debug|Any CPU
		Release|Any CPU = Release|Any CPU
	EndGlobalSection
	GlobalSection(ProjectConfigurationPlatforms) = postSolution
		{21EC80D2-2778-4831-8772-7FEC383AE826}.Debug|Any CPU.ActiveCfg = Debug|Any CPU
		{21EC80D2-2778-4831-8772-7FEC383AE826}.Debug|Any CPU.Build.0 = Debug|Any CPU
		{21EC80D2-2778-4831-8772-7FEC383AE826}.Release|Any CPU.ActiveCfg = Release|Any CPU
		{21EC80D2-2778-4831-8772-7FEC383AE826}.Release|Any CPU.Build.0 = Release|Any CPU
	EndGlobalSection
	GlobalSection(SolutionProperties) = preSolution
		HideSolutionNode = FALSE
	EndGlobalSection
	GlobalSection(ExtensibilityGlobals) = postSolution
		SolutionGuid = {F410735D-0557-4E8E-8AAC-6CFC2D3E7CA9}
	EndGlobalSection
EndGlobal
