
Microsoft Visual Studio Solution File, Format Version 12.00
# Visual Studio Version 16
VisualStudioVersion = 16.0.31313.79
MinimumVisualStudioVersion = 10.0.40219.1
Project("{9A19103F-16F7-4668-BE54-9A1E7A4F7556}") = "excercise1", "Hello\excercise1.csproj", "{5D9720E6-8630-4083-A72D-4539C6B846DF}"
EndProject
Project("{2150E333-8FDC-42A3-9474-1A3956D46DE8}") = "Excercises", "Excercises", "{9F30FD6C-6FA5-4E76-9420-893B57960BE7}"
EndProject
Project("{2150E333-8FDC-42A3-9474-1A3956D46DE8}") = "Chapter 1", "Chapter 1", "{7DFFE52C-576C-40E8-8584-C769F376FC5B}"
EndProject
Project("{2150E333-8FDC-42A3-9474-1A3956D46DE8}") = "Chapter2", "Chapter2", "{B26BCF51-DB06-49F1-9239-F8BAB4DC9957}"
EndProject
Project("{FAE04EC0-301F-11D3-BF4B-00C04F79EFBC}") = "exercise2", "exercise2\exercise2.csproj", "{B4604243-1A73-49EF-83C0-B181502F2604}"
EndProject
Project("{2150E333-8FDC-42A3-9474-1A3956D46DE8}") = "Template", "Template", "{9C07A7AF-DC75-4393-B59B-39019414A4F6}"
EndProject
Project("{FAE04EC0-301F-11D3-BF4B-00C04F79EFBC}") = "Template", "Template\Template.csproj", "{29B4549B-A572-4B08-85A7-027938C82E65}"
EndProject
Global
	GlobalSection(SolutionConfigurationPlatforms) = preSolution
		Debug|Any CPU = Debug|Any CPU
		Release|Any CPU = Release|Any CPU
	EndGlobalSection
	GlobalSection(ProjectConfigurationPlatforms) = postSolution
		{5D9720E6-8630-4083-A72D-4539C6B846DF}.Debug|Any CPU.ActiveCfg = Debug|Any CPU
		{5D9720E6-8630-4083-A72D-4539C6B846DF}.Debug|Any CPU.Build.0 = Debug|Any CPU
		{5D9720E6-8630-4083-A72D-4539C6B846DF}.Release|Any CPU.ActiveCfg = Release|Any CPU
		{5D9720E6-8630-4083-A72D-4539C6B846DF}.Release|Any CPU.Build.0 = Release|Any CPU
		{B4604243-1A73-49EF-83C0-B181502F2604}.Debug|Any CPU.ActiveCfg = Debug|Any CPU
		{B4604243-1A73-49EF-83C0-B181502F2604}.Debug|Any CPU.Build.0 = Debug|Any CPU
		{B4604243-1A73-49EF-83C0-B181502F2604}.Release|Any CPU.ActiveCfg = Release|Any CPU
		{B4604243-1A73-49EF-83C0-B181502F2604}.Release|Any CPU.Build.0 = Release|Any CPU
		{29B4549B-A572-4B08-85A7-027938C82E65}.Debug|Any CPU.ActiveCfg = Debug|Any CPU
		{29B4549B-A572-4B08-85A7-027938C82E65}.Debug|Any CPU.Build.0 = Debug|Any CPU
		{29B4549B-A572-4B08-85A7-027938C82E65}.Release|Any CPU.ActiveCfg = Release|Any CPU
		{29B4549B-A572-4B08-85A7-027938C82E65}.Release|Any CPU.Build.0 = Release|Any CPU
	EndGlobalSection
	GlobalSection(SolutionProperties) = preSolution
		HideSolutionNode = FALSE
	EndGlobalSection
	GlobalSection(NestedProjects) = preSolution
		{5D9720E6-8630-4083-A72D-4539C6B846DF} = {7DFFE52C-576C-40E8-8584-C769F376FC5B}
		{7DFFE52C-576C-40E8-8584-C769F376FC5B} = {9F30FD6C-6FA5-4E76-9420-893B57960BE7}
		{B26BCF51-DB06-49F1-9239-F8BAB4DC9957} = {9F30FD6C-6FA5-4E76-9420-893B57960BE7}
		{B4604243-1A73-49EF-83C0-B181502F2604} = {B26BCF51-DB06-49F1-9239-F8BAB4DC9957}
		{9C07A7AF-DC75-4393-B59B-39019414A4F6} = {9F30FD6C-6FA5-4E76-9420-893B57960BE7}
		{29B4549B-A572-4B08-85A7-027938C82E65} = {9C07A7AF-DC75-4393-B59B-39019414A4F6}
	EndGlobalSection
	GlobalSection(ExtensibilityGlobals) = postSolution
		SolutionGuid = {28108436-4641-4495-823C-10C8A65C8501}
	EndGlobalSection
EndGlobal
