
Microsoft Visual Studio Solution File, Format Version 12.00
# Visual Studio Version 16
VisualStudioVersion = 16.0.31313.79
MinimumVisualStudioVersion = 10.0.40219.1
Project("{9A19103F-16F7-4668-BE54-9A1E7A4F7556}") = "excercise1", "Hello\excercise1.csproj", "{5D9720E6-8630-4083-A72D-4539C6B846DF}"
EndProject
Project("{2150E333-8FDC-42A3-9474-1A3956D46DE8}") = "Excercises", "Excercises", "{9F30FD6C-6FA5-4E76-9420-893B57960BE7}"
EndProject
Project("{2150E333-8FDC-42A3-9474-1A3956D46DE8}") = "Chapter 1", "Chapter 1", "{7DFFE52C-576C-40E8-8584-C769F376FC5B}"
EndProject
Project("{2150E333-8FDC-42A3-9474-1A3956D46DE8}") = "Chapter2", "Chapter2", "{B26BCF51-DB06-49F1-9239-F8BAB4DC9957}"
EndProject
Project("{9A19103F-16F7-4668-BE54-9A1E7A4F7556}") = "exercise2", "exercise2\exercise2.csproj", "{B4604243-1A73-49EF-83C0-B181502F2604}"
EndProject
Project("{2150E333-8FDC-42A3-9474-1A3956D46DE8}") = "Template", "Template", "{9C07A7AF-DC75-4393-B59B-39019414A4F6}"
EndProject
Project("{9A19103F-16F7-4668-BE54-9A1E7A4F7556}") = "Template", "Template\Template.csproj", "{29B4549B-A572-4B08-85A7-027938C82E65}"
EndProject
Project("{2150E333-8FDC-42A3-9474-1A3956D46DE8}") = "Chapter4", "Chapter4", "{32276CC5-4BAD-434D-A024-FDEE3845846F}"
EndProject
Project("{2150E333-8FDC-42A3-9474-1A3956D46DE8}") = "Test", "Test", "{4C4FA4A1-ED66-4A83-8665-E6DA1F7FF4B6}"
EndProject
Project("{FAE04EC0-301F-11D3-BF4B-00C04F79EFBC}") = "Test", "Test\Test.csproj", "{82D1A9CD-BD5B-4EBB-9DE7-FB3E7291DC42}"
EndProject
Project("{2150E333-8FDC-42A3-9474-1A3956D46DE8}") = "Chapter3", "Chapter3", "{DFD37441-BEBD-4FBA-8974-1C4505D0AAD6}"
EndProject
Project("{FAE04EC0-301F-11D3-BF4B-00C04F79EFBC}") = "Excercise3", "Excercise3\Excercise3.csproj", "{675329C7-EDFE-4FE6-9B85-493AC3E6FBBD}"
EndProject
Project("{FAE04EC0-301F-11D3-BF4B-00C04F79EFBC}") = "Excercise4", "Excercise4\Excercise4.csproj", "{410225F4-3381-4AFB-BE02-C9356355ACEE}"
EndProject
Project("{FAE04EC0-301F-11D3-BF4B-00C04F79EFBC}") = "Chapter5", "Chapter5\Chapter5.csproj", "{695AD16C-537B-48CF-9F5C-21BD0BC7B3D4}"
EndProject
Project("{2150E333-8FDC-42A3-9474-1A3956D46DE8}") = "Chapter5", "Chapter5", "{383F5AA8-D9F0-426D-AA64-1E589CBB85C7}"
EndProject
Project("{FAE04EC0-301F-11D3-BF4B-00C04F79EFBC}") = "Excercise5", "Excercise5\Excercise5.csproj", "{A5A5DE42-2FCD-4170-8659-869B63958630}"
EndProject
Project("{FAE04EC0-301F-11D3-BF4B-00C04F79EFBC}") = "Chapter6", "Chapter6\Chapter6.csproj", "{28D5B979-2C41-45F6-8E32-CA2821B2AA89}"
EndProject
Project("{FAE04EC0-301F-11D3-BF4B-00C04F79EFBC}") = "Chapter6_Interfaces", "Chapter6_Interfaces\Chapter6_Interfaces.csproj", "{CAC71628-A263-4893-9F48-20F78FA31E91}"
EndProject
Project("{2150E333-8FDC-42A3-9474-1A3956D46DE8}") = "Chapter6", "Chapter6", "{2E664FBA-6DF0-41C0-92E4-EE572D9F911E}"
EndProject
Project("{FAE04EC0-301F-11D3-BF4B-00C04F79EFBC}") = "Excercises6", "Excercises6\Excercises6.csproj", "{E56EA657-1A93-4A44-AB28-769A78E56A01}"
EndProject
Project("{2150E333-8FDC-42A3-9474-1A3956D46DE8}") = "Chapter7", "Chapter7", "{FD6C4B7D-6123-4951-BEE4-DABC7C231A29}"
EndProject
Project("{FAE04EC0-301F-11D3-BF4B-00C04F79EFBC}") = "Excercise7", "Excercise7\Excercise7.csproj", "{148C33B9-15F7-4C70-AAE9-0310C89C81D6}"
EndProject
Project("{2150E333-8FDC-42A3-9474-1A3956D46DE8}") = "Chapter8", "Chapter8", "{12E5DC5B-A6DA-4FD2-989F-D327892509D0}"
EndProject
Project("{FAE04EC0-301F-11D3-BF4B-00C04F79EFBC}") = "Excercise8", "Excercise8\Excercise8.csproj", "{46C7F528-B0AF-475D-98D3-CAB677AC36F4}"
EndProject
Global
	GlobalSection(SolutionConfigurationPlatforms) = preSolution
		Debug|Any CPU = Debug|Any CPU
		Release|Any CPU = Release|Any CPU
	EndGlobalSection
	GlobalSection(ProjectConfigurationPlatforms) = postSolution
		{5D9720E6-8630-4083-A72D-4539C6B846DF}.Debug|Any CPU.ActiveCfg = Debug|Any CPU
		{5D9720E6-8630-4083-A72D-4539C6B846DF}.Debug|Any CPU.Build.0 = Debug|Any CPU
		{5D9720E6-8630-4083-A72D-4539C6B846DF}.Release|Any CPU.ActiveCfg = Release|Any CPU
		{5D9720E6-8630-4083-A72D-4539C6B846DF}.Release|Any CPU.Build.0 = Release|Any CPU
		{B4604243-1A73-49EF-83C0-B181502F2604}.Debug|Any CPU.ActiveCfg = Debug|Any CPU
		{B4604243-1A73-49EF-83C0-B181502F2604}.Debug|Any CPU.Build.0 = Debug|Any CPU
		{B4604243-1A73-49EF-83C0-B181502F2604}.Release|Any CPU.ActiveCfg = Release|Any CPU
		{B4604243-1A73-49EF-83C0-B181502F2604}.Release|Any CPU.Build.0 = Release|Any CPU
		{29B4549B-A572-4B08-85A7-027938C82E65}.Debug|Any CPU.ActiveCfg = Debug|Any CPU
		{29B4549B-A572-4B08-85A7-027938C82E65}.Debug|Any CPU.Build.0 = Debug|Any CPU
		{29B4549B-A572-4B08-85A7-027938C82E65}.Release|Any CPU.ActiveCfg = Release|Any CPU
		{29B4549B-A572-4B08-85A7-027938C82E65}.Release|Any CPU.Build.0 = Release|Any CPU
		{82D1A9CD-BD5B-4EBB-9DE7-FB3E7291DC42}.Debug|Any CPU.ActiveCfg = Debug|Any CPU
		{82D1A9CD-BD5B-4EBB-9DE7-FB3E7291DC42}.Debug|Any CPU.Build.0 = Debug|Any CPU
		{82D1A9CD-BD5B-4EBB-9DE7-FB3E7291DC42}.Release|Any CPU.ActiveCfg = Release|Any CPU
		{82D1A9CD-BD5B-4EBB-9DE7-FB3E7291DC42}.Release|Any CPU.Build.0 = Release|Any CPU
		{675329C7-EDFE-4FE6-9B85-493AC3E6FBBD}.Debug|Any CPU.ActiveCfg = Debug|Any CPU
		{675329C7-EDFE-4FE6-9B85-493AC3E6FBBD}.Debug|Any CPU.Build.0 = Debug|Any CPU
		{675329C7-EDFE-4FE6-9B85-493AC3E6FBBD}.Release|Any CPU.ActiveCfg = Release|Any CPU
		{675329C7-EDFE-4FE6-9B85-493AC3E6FBBD}.Release|Any CPU.Build.0 = Release|Any CPU
		{410225F4-3381-4AFB-BE02-C9356355ACEE}.Debug|Any CPU.ActiveCfg = Debug|Any CPU
		{410225F4-3381-4AFB-BE02-C9356355ACEE}.Debug|Any CPU.Build.0 = Debug|Any CPU
		{410225F4-3381-4AFB-BE02-C9356355ACEE}.Release|Any CPU.ActiveCfg = Release|Any CPU
		{410225F4-3381-4AFB-BE02-C9356355ACEE}.Release|Any CPU.Build.0 = Release|Any CPU
		{695AD16C-537B-48CF-9F5C-21BD0BC7B3D4}.Debug|Any CPU.ActiveCfg = Debug|Any CPU
		{695AD16C-537B-48CF-9F5C-21BD0BC7B3D4}.Debug|Any CPU.Build.0 = Debug|Any CPU
		{695AD16C-537B-48CF-9F5C-21BD0BC7B3D4}.Release|Any CPU.ActiveCfg = Release|Any CPU
		{695AD16C-537B-48CF-9F5C-21BD0BC7B3D4}.Release|Any CPU.Build.0 = Release|Any CPU
		{A5A5DE42-2FCD-4170-8659-869B63958630}.Debug|Any CPU.ActiveCfg = Debug|Any CPU
		{A5A5DE42-2FCD-4170-8659-869B63958630}.Debug|Any CPU.Build.0 = Debug|Any CPU
		{A5A5DE42-2FCD-4170-8659-869B63958630}.Release|Any CPU.ActiveCfg = Release|Any CPU
		{A5A5DE42-2FCD-4170-8659-869B63958630}.Release|Any CPU.Build.0 = Release|Any CPU
		{28D5B979-2C41-45F6-8E32-CA2821B2AA89}.Debug|Any CPU.ActiveCfg = Debug|Any CPU
		{28D5B979-2C41-45F6-8E32-CA2821B2AA89}.Debug|Any CPU.Build.0 = Debug|Any CPU
		{28D5B979-2C41-45F6-8E32-CA2821B2AA89}.Release|Any CPU.ActiveCfg = Release|Any CPU
		{28D5B979-2C41-45F6-8E32-CA2821B2AA89}.Release|Any CPU.Build.0 = Release|Any CPU
		{CAC71628-A263-4893-9F48-20F78FA31E91}.Debug|Any CPU.ActiveCfg = Debug|Any CPU
		{CAC71628-A263-4893-9F48-20F78FA31E91}.Debug|Any CPU.Build.0 = Debug|Any CPU
		{CAC71628-A263-4893-9F48-20F78FA31E91}.Release|Any CPU.ActiveCfg = Release|Any CPU
		{CAC71628-A263-4893-9F48-20F78FA31E91}.Release|Any CPU.Build.0 = Release|Any CPU
		{E56EA657-1A93-4A44-AB28-769A78E56A01}.Debug|Any CPU.ActiveCfg = Debug|Any CPU
		{E56EA657-1A93-4A44-AB28-769A78E56A01}.Debug|Any CPU.Build.0 = Debug|Any CPU
		{E56EA657-1A93-4A44-AB28-769A78E56A01}.Release|Any CPU.ActiveCfg = Release|Any CPU
		{E56EA657-1A93-4A44-AB28-769A78E56A01}.Release|Any CPU.Build.0 = Release|Any CPU
		{148C33B9-15F7-4C70-AAE9-0310C89C81D6}.Debug|Any CPU.ActiveCfg = Debug|Any CPU
		{148C33B9-15F7-4C70-AAE9-0310C89C81D6}.Debug|Any CPU.Build.0 = Debug|Any CPU
		{148C33B9-15F7-4C70-AAE9-0310C89C81D6}.Release|Any CPU.ActiveCfg = Release|Any CPU
		{148C33B9-15F7-4C70-AAE9-0310C89C81D6}.Release|Any CPU.Build.0 = Release|Any CPU
		{46C7F528-B0AF-475D-98D3-CAB677AC36F4}.Debug|Any CPU.ActiveCfg = Debug|Any CPU
		{46C7F528-B0AF-475D-98D3-CAB677AC36F4}.Debug|Any CPU.Build.0 = Debug|Any CPU
		{46C7F528-B0AF-475D-98D3-CAB677AC36F4}.Release|Any CPU.ActiveCfg = Release|Any CPU
		{46C7F528-B0AF-475D-98D3-CAB677AC36F4}.Release|Any CPU.Build.0 = Release|Any CPU
	EndGlobalSection
	GlobalSection(SolutionProperties) = preSolution
		HideSolutionNode = FALSE
	EndGlobalSection
	GlobalSection(NestedProjects) = preSolution
		{5D9720E6-8630-4083-A72D-4539C6B846DF} = {7DFFE52C-576C-40E8-8584-C769F376FC5B}
		{7DFFE52C-576C-40E8-8584-C769F376FC5B} = {9F30FD6C-6FA5-4E76-9420-893B57960BE7}
		{B26BCF51-DB06-49F1-9239-F8BAB4DC9957} = {9F30FD6C-6FA5-4E76-9420-893B57960BE7}
		{B4604243-1A73-49EF-83C0-B181502F2604} = {B26BCF51-DB06-49F1-9239-F8BAB4DC9957}
		{9C07A7AF-DC75-4393-B59B-39019414A4F6} = {9F30FD6C-6FA5-4E76-9420-893B57960BE7}
		{29B4549B-A572-4B08-85A7-027938C82E65} = {9C07A7AF-DC75-4393-B59B-39019414A4F6}
		{32276CC5-4BAD-434D-A024-FDEE3845846F} = {9F30FD6C-6FA5-4E76-9420-893B57960BE7}
		{82D1A9CD-BD5B-4EBB-9DE7-FB3E7291DC42} = {4C4FA4A1-ED66-4A83-8665-E6DA1F7FF4B6}
		{DFD37441-BEBD-4FBA-8974-1C4505D0AAD6} = {9F30FD6C-6FA5-4E76-9420-893B57960BE7}
		{675329C7-EDFE-4FE6-9B85-493AC3E6FBBD} = {DFD37441-BEBD-4FBA-8974-1C4505D0AAD6}
		{410225F4-3381-4AFB-BE02-C9356355ACEE} = {32276CC5-4BAD-434D-A024-FDEE3845846F}
		{695AD16C-537B-48CF-9F5C-21BD0BC7B3D4} = {4C4FA4A1-ED66-4A83-8665-E6DA1F7FF4B6}
		{383F5AA8-D9F0-426D-AA64-1E589CBB85C7} = {9F30FD6C-6FA5-4E76-9420-893B57960BE7}
		{A5A5DE42-2FCD-4170-8659-869B63958630} = {383F5AA8-D9F0-426D-AA64-1E589CBB85C7}
		{28D5B979-2C41-45F6-8E32-CA2821B2AA89} = {4C4FA4A1-ED66-4A83-8665-E6DA1F7FF4B6}
		{CAC71628-A263-4893-9F48-20F78FA31E91} = {4C4FA4A1-ED66-4A83-8665-E6DA1F7FF4B6}
		{2E664FBA-6DF0-41C0-92E4-EE572D9F911E} = {9F30FD6C-6FA5-4E76-9420-893B57960BE7}
		{E56EA657-1A93-4A44-AB28-769A78E56A01} = {2E664FBA-6DF0-41C0-92E4-EE572D9F911E}
		{FD6C4B7D-6123-4951-BEE4-DABC7C231A29} = {9F30FD6C-6FA5-4E76-9420-893B57960BE7}
		{148C33B9-15F7-4C70-AAE9-0310C89C81D6} = {FD6C4B7D-6123-4951-BEE4-DABC7C231A29}
		{12E5DC5B-A6DA-4FD2-989F-D327892509D0} = {9F30FD6C-6FA5-4E76-9420-893B57960BE7}
		{46C7F528-B0AF-475D-98D3-CAB677AC36F4} = {12E5DC5B-A6DA-4FD2-989F-D327892509D0}
	EndGlobalSection
	GlobalSection(ExtensibilityGlobals) = postSolution
		SolutionGuid = {28108436-4641-4495-823C-10C8A65C8501}
	EndGlobalSection
EndGlobal
