
Microsoft Visual Studio Solution File, Format Version 12.00
# Visual Studio 15
VisualStudioVersion = 15.0.28307.705
MinimumVisualStudioVersion = 10.0.40219.1
Project("{FAE04EC0-301F-11D3-BF4B-00C04F79EFBC}") = "View", "View\View.csproj", "{28641AAF-E246-44F2-8319-61F6C13A0C60}"
EndProject
Project("{FAE04EC0-301F-11D3-BF4B-00C04F79EFBC}") = "BLL", "BILL\BLL.csproj", "{B743182C-999C-4141-B878-D1B694A1B8F1}"
EndProject
Project("{FAE04EC0-301F-11D3-BF4B-00C04F79EFBC}") = "DAL", "DAL\DAL.csproj", "{AC87B44D-5A5D-405E-B034-8A2972592BE2}"
EndProject
Project("{FAE04EC0-301F-11D3-BF4B-00C04F79EFBC}") = "Model", "Model\Model.csproj", "{6C5A95C1-0ACA-49B0-ABF2-C0E6E2A841FF}"
EndProject
Global
	GlobalSection(SolutionConfigurationPlatforms) = preSolution
		Debug|Any CPU = Debug|Any CPU
		Release|Any CPU = Release|Any CPU
	EndGlobalSection
	GlobalSection(ProjectConfigurationPlatforms) = postSolution
		{28641AAF-E246-44F2-8319-61F6C13A0C60}.Debug|Any CPU.ActiveCfg = Debug|Any CPU
		{28641AAF-E246-44F2-8319-61F6C13A0C60}.Debug|Any CPU.Build.0 = Debug|Any CPU
		{28641AAF-E246-44F2-8319-61F6C13A0C60}.Release|Any CPU.ActiveCfg = Release|Any CPU
		{28641AAF-E246-44F2-8319-61F6C13A0C60}.Release|Any CPU.Build.0 = Release|Any CPU
		{B743182C-999C-4141-B878-D1B694A1B8F1}.Debug|Any CPU.ActiveCfg = Debug|Any CPU
		{B743182C-999C-4141-B878-D1B694A1B8F1}.Debug|Any CPU.Build.0 = Debug|Any CPU
		{B743182C-999C-4141-B878-D1B694A1B8F1}.Release|Any CPU.ActiveCfg = Release|Any CPU
		{B743182C-999C-4141-B878-D1B694A1B8F1}.Release|Any CPU.Build.0 = Release|Any CPU
		{AC87B44D-5A5D-405E-B034-8A2972592BE2}.Debug|Any CPU.ActiveCfg = Debug|Any CPU
		{AC87B44D-5A5D-405E-B034-8A2972592BE2}.Debug|Any CPU.Build.0 = Debug|Any CPU
		{AC87B44D-5A5D-405E-B034-8A2972592BE2}.Release|Any CPU.ActiveCfg = Release|Any CPU
		{AC87B44D-5A5D-405E-B034-8A2972592BE2}.Release|Any CPU.Build.0 = Release|Any CPU
		{6C5A95C1-0ACA-49B0-ABF2-C0E6E2A841FF}.Debug|Any CPU.ActiveCfg = Debug|Any CPU
		{6C5A95C1-0ACA-49B0-ABF2-C0E6E2A841FF}.Debug|Any CPU.Build.0 = Debug|Any CPU
		{6C5A95C1-0ACA-49B0-ABF2-C0E6E2A841FF}.Release|Any CPU.ActiveCfg = Release|Any CPU
		{6C5A95C1-0ACA-49B0-ABF2-C0E6E2A841FF}.Release|Any CPU.Build.0 = Release|Any CPU
	EndGlobalSection
	GlobalSection(SolutionProperties) = preSolution
		HideSolutionNode = FALSE
	EndGlobalSection
	GlobalSection(ExtensibilityGlobals) = postSolution
		SolutionGuid = {B00C26EF-98D7-40DD-93F2-ABD2D613D6DF}
	EndGlobalSection
EndGlobal
